// !$*UTF8*$!
{
	archiveVersion = 1;
	classes = {
	};
	objectVersion = 51;
	objects = {

/* Begin PBXBuildFile section */
		8A53FCAC822D139B05CECBE7 /* Pods_WorkAndAnalyse.framework in Frameworks */ = {isa = PBXBuildFile; fileRef = 593EC2321DA10D43C5D392B9 /* Pods_WorkAndAnalyse.framework */; };
		ED268F6526359742006AFDDD /* PickerViewCell.swift in Sources */ = {isa = PBXBuildFile; fileRef = ED268F6426359742006AFDDD /* PickerViewCell.swift */; };
		ED268F692635A290006AFDDD /* AddSubtaskViewModel.swift in Sources */ = {isa = PBXBuildFile; fileRef = ED268F682635A290006AFDDD /* AddSubtaskViewModel.swift */; };
		ED268F6D2635D1BE006AFDDD /* StandartTextFieldCell.swift in Sources */ = {isa = PBXBuildFile; fileRef = ED268F6C2635D1BE006AFDDD /* StandartTextFieldCell.swift */; };
		ED268F702635D388006AFDDD /* EdgedTextField.swift in Sources */ = {isa = PBXBuildFile; fileRef = ED268F6F2635D388006AFDDD /* EdgedTextField.swift */; };
		ED268F742635F1B5006AFDDD /* DatePickerCell.swift in Sources */ = {isa = PBXBuildFile; fileRef = ED268F732635F1B5006AFDDD /* DatePickerCell.swift */; };
		ED268F792636A652006AFDDD /* RightDetailSubtitledView.swift in Sources */ = {isa = PBXBuildFile; fileRef = ED268F782636A652006AFDDD /* RightDetailSubtitledView.swift */; };
		ED2EBFB325EFDEC5005B7A1E /* FirebaseLoginService.swift in Sources */ = {isa = PBXBuildFile; fileRef = ED2EBFB225EFDEC5005B7A1E /* FirebaseLoginService.swift */; };
		ED31CB4426394BEF001CDD23 /* MyTasksCoordinator.swift in Sources */ = {isa = PBXBuildFile; fileRef = ED31CB4326394BEF001CDD23 /* MyTasksCoordinator.swift */; };
		ED31CB4B26394D58001CDD23 /* TaskListViewController.swift in Sources */ = {isa = PBXBuildFile; fileRef = ED31CB4A26394D58001CDD23 /* TaskListViewController.swift */; };
		ED31CB4E263962B8001CDD23 /* TaskViewModel.swift in Sources */ = {isa = PBXBuildFile; fileRef = ED31CB4D263962B8001CDD23 /* TaskViewModel.swift */; };
		ED31CB512639646F001CDD23 /* TaskListViewModel.swift in Sources */ = {isa = PBXBuildFile; fileRef = ED31CB502639646F001CDD23 /* TaskListViewModel.swift */; };
		ED33E98D265EE188000E4641 /* StatsCoordinator.swift in Sources */ = {isa = PBXBuildFile; fileRef = ED33E98C265EE188000E4641 /* StatsCoordinator.swift */; };
		ED362AB12611D9A7008DB051 /* MainTabBarController.swift in Sources */ = {isa = PBXBuildFile; fileRef = ED362AB02611D9A7008DB051 /* MainTabBarController.swift */; };
		ED38745B25EBFDB5007D9A38 /* ScrollableViewController.swift in Sources */ = {isa = PBXBuildFile; fileRef = ED38745A25EBFDB5007D9A38 /* ScrollableViewController.swift */; };
		ED38745F25ECF14D007D9A38 /* SignUpViewController.swift in Sources */ = {isa = PBXBuildFile; fileRef = ED38745E25ECF14D007D9A38 /* SignUpViewController.swift */; };
		ED38746225ED576E007D9A38 /* GoogleService-Info.plist in Resources */ = {isa = PBXBuildFile; fileRef = ED38746125ED576E007D9A38 /* GoogleService-Info.plist */; };
		ED3EF8F2260A241400C41119 /* CustomTextFieldCell.swift in Sources */ = {isa = PBXBuildFile; fileRef = ED3EF8F1260A241400C41119 /* CustomTextFieldCell.swift */; };
		ED3EF8FB260B28EC00C41119 /* LabelSectionHeaderView.swift in Sources */ = {isa = PBXBuildFile; fileRef = ED3EF8FA260B28EC00C41119 /* LabelSectionHeaderView.swift */; };
		ED3EF900260CA4DB00C41119 /* Task.swift in Sources */ = {isa = PBXBuildFile; fileRef = ED3EF8FF260CA4DB00C41119 /* Task.swift */; };
		ED3EF90B260CBF6500C41119 /* CreateTaskViewModel.swift in Sources */ = {isa = PBXBuildFile; fileRef = ED3EF90A260CBF6400C41119 /* CreateTaskViewModel.swift */; };
		ED409F4C2659A52300BD9797 /* CellViewModel.swift in Sources */ = {isa = PBXBuildFile; fileRef = ED409F4B2659A52300BD9797 /* CellViewModel.swift */; };
		ED409F52265AA68800BD9797 /* CellType.swift in Sources */ = {isa = PBXBuildFile; fileRef = ED409F51265AA68800BD9797 /* CellType.swift */; };
		ED409F58265B207200BD9797 /* UIImage+Resize.swift in Sources */ = {isa = PBXBuildFile; fileRef = ED409F57265B207200BD9797 /* UIImage+Resize.swift */; };
		ED409F5E265B40D600BD9797 /* Date+ToString.swift in Sources */ = {isa = PBXBuildFile; fileRef = ED409F5D265B40D600BD9797 /* Date+ToString.swift */; };
		ED409F65265B4C2300BD9797 /* OutlinedView.swift in Sources */ = {isa = PBXBuildFile; fileRef = ED409F64265B4C2300BD9797 /* OutlinedView.swift */; };
		ED409F68265B4F2200BD9797 /* OutlinedCell.swift in Sources */ = {isa = PBXBuildFile; fileRef = ED409F67265B4F2200BD9797 /* OutlinedCell.swift */; };
		ED409F6E265B642500BD9797 /* SubtaskViewModel.swift in Sources */ = {isa = PBXBuildFile; fileRef = ED409F6D265B642500BD9797 /* SubtaskViewModel.swift */; };
		ED409F71265C25CD00BD9797 /* Collection+SafeAccess.swift in Sources */ = {isa = PBXBuildFile; fileRef = ED409F70265C25CD00BD9797 /* Collection+SafeAccess.swift */; };
		ED409F7E265D6FD200BD9797 /* TaskListViewModelProtocol.swift in Sources */ = {isa = PBXBuildFile; fileRef = ED409F7D265D6FD200BD9797 /* TaskListViewModelProtocol.swift */; };
		ED4ADB3F25E7EE1F00935A90 /* AppDelegate.swift in Sources */ = {isa = PBXBuildFile; fileRef = ED4ADB3E25E7EE1F00935A90 /* AppDelegate.swift */; };
		ED4ADB4125E7EE1F00935A90 /* SceneDelegate.swift in Sources */ = {isa = PBXBuildFile; fileRef = ED4ADB4025E7EE1F00935A90 /* SceneDelegate.swift */; };
		ED4ADB4825E7EE2100935A90 /* Assets.xcassets in Resources */ = {isa = PBXBuildFile; fileRef = ED4ADB4725E7EE2100935A90 /* Assets.xcassets */; };
		ED4ADB4B25E7EE2100935A90 /* LaunchScreen.storyboard in Resources */ = {isa = PBXBuildFile; fileRef = ED4ADB4925E7EE2100935A90 /* LaunchScreen.storyboard */; };
		ED4CF2072659A45000FA689C /* SectionViewModel.swift in Sources */ = {isa = PBXBuildFile; fileRef = ED4CF2062659A45000FA689C /* SectionViewModel.swift */; };
		ED4D182C2613812C00F28495 /* AddSubtaskViewController.swift in Sources */ = {isa = PBXBuildFile; fileRef = ED4D182B2613812C00F28495 /* AddSubtaskViewController.swift */; };
		ED4D18322613B97200F28495 /* LoginService.swift in Sources */ = {isa = PBXBuildFile; fileRef = ED4D18312613B97200F28495 /* LoginService.swift */; };
		ED4D18352613B9B800F28495 /* RegistrationService.swift in Sources */ = {isa = PBXBuildFile; fileRef = ED4D18342613B9B800F28495 /* RegistrationService.swift */; };
		ED4F875925E7F033008117AB /* BaseViewController.swift in Sources */ = {isa = PBXBuildFile; fileRef = ED4F875825E7F033008117AB /* BaseViewController.swift */; };
		ED4FA65D25E82EF200C6E04D /* CustomFonts.swift in Sources */ = {isa = PBXBuildFile; fileRef = ED4FA65C25E82EF200C6E04D /* CustomFonts.swift */; };
		ED4FA66225E8317400C6E04D /* SignInViewController.swift in Sources */ = {isa = PBXBuildFile; fileRef = ED4FA66125E8317400C6E04D /* SignInViewController.swift */; };
		ED4FA66525E8C92A00C6E04D /* StyledTextField.swift in Sources */ = {isa = PBXBuildFile; fileRef = ED4FA66425E8C92A00C6E04D /* StyledTextField.swift */; };
		ED4FA67025E8DC9E00C6E04D /* OpenSans-SemiBold.ttf in Resources */ = {isa = PBXBuildFile; fileRef = ED4FA66C25E8DC9E00C6E04D /* OpenSans-SemiBold.ttf */; };
		ED4FA67125E8DC9E00C6E04D /* OpenSans-Light.ttf in Resources */ = {isa = PBXBuildFile; fileRef = ED4FA66D25E8DC9E00C6E04D /* OpenSans-Light.ttf */; };
		ED4FA67225E8DC9E00C6E04D /* OpenSans-Bold.ttf in Resources */ = {isa = PBXBuildFile; fileRef = ED4FA66E25E8DC9E00C6E04D /* OpenSans-Bold.ttf */; };
		ED4FA67325E8DC9E00C6E04D /* OpenSans-Regular.ttf in Resources */ = {isa = PBXBuildFile; fileRef = ED4FA66F25E8DC9E00C6E04D /* OpenSans-Regular.ttf */; };
		ED4FA67925E8E49000C6E04D /* UIColor+Hex.swift in Sources */ = {isa = PBXBuildFile; fileRef = ED4FA67825E8E49000C6E04D /* UIColor+Hex.swift */; };
		ED4FA67E25E8E6D900C6E04D /* StyledButton.swift in Sources */ = {isa = PBXBuildFile; fileRef = ED4FA67D25E8E6D900C6E04D /* StyledButton.swift */; };
		ED4FA68125E8EB1E00C6E04D /* CustomColors.swift in Sources */ = {isa = PBXBuildFile; fileRef = ED4FA68025E8EB1E00C6E04D /* CustomColors.swift */; };
		ED5FEFBB25EE88A3004581EF /* FirebaseRegistrationService.swift in Sources */ = {isa = PBXBuildFile; fileRef = ED5FEFBA25EE88A3004581EF /* FirebaseRegistrationService.swift */; };
		ED6AE3192607DEAD003D42A4 /* CustomButtonCell.swift in Sources */ = {isa = PBXBuildFile; fileRef = ED6AE3182607DEAD003D42A4 /* CustomButtonCell.swift */; };
		ED77B7C825F49FA1000BFF44 /* Coordinator.swift in Sources */ = {isa = PBXBuildFile; fileRef = ED77B7C725F49FA1000BFF44 /* Coordinator.swift */; };
		ED77B7CF25F4A19E000BFF44 /* AuthCoordinator.swift in Sources */ = {isa = PBXBuildFile; fileRef = ED77B7CE25F4A19E000BFF44 /* AuthCoordinator.swift */; };
		ED820060260F53D600B89F80 /* BaseCoordinator.swift in Sources */ = {isa = PBXBuildFile; fileRef = ED82005F260F53D600B89F80 /* BaseCoordinator.swift */; };
		ED820064260F548800B89F80 /* Router.swift in Sources */ = {isa = PBXBuildFile; fileRef = ED820063260F548800B89F80 /* Router.swift */; };
		ED820069260F54AD00B89F80 /* Presentable.swift in Sources */ = {isa = PBXBuildFile; fileRef = ED820068260F54AD00B89F80 /* Presentable.swift */; };
		ED82006D260F55AF00B89F80 /* CoordinatorFactory.swift in Sources */ = {isa = PBXBuildFile; fileRef = ED82006C260F55AF00B89F80 /* CoordinatorFactory.swift */; };
		ED820072260F57D800B89F80 /* ApplicationCoordinator.swift in Sources */ = {isa = PBXBuildFile; fileRef = ED820071260F57D800B89F80 /* ApplicationCoordinator.swift */; };
		ED820078260F58C000B89F80 /* LauchInstructor.swift in Sources */ = {isa = PBXBuildFile; fileRef = ED820077260F58C000B89F80 /* LauchInstructor.swift */; };
		ED820080260F5CA600B89F80 /* ViewControllerFactory.swift in Sources */ = {isa = PBXBuildFile; fileRef = ED82007F260F5CA600B89F80 /* ViewControllerFactory.swift */; };
		ED820085260F8DCD00B89F80 /* RouterProtocol.swift in Sources */ = {isa = PBXBuildFile; fileRef = ED820084260F8DCD00B89F80 /* RouterProtocol.swift */; };
		ED820088260F8F3400B89F80 /* CoordinatorFinishOutput.swift in Sources */ = {isa = PBXBuildFile; fileRef = ED820087260F8F3400B89F80 /* CoordinatorFinishOutput.swift */; };
		ED820090260F9C4200B89F80 /* UIViewController+Presentable.swift in Sources */ = {isa = PBXBuildFile; fileRef = ED82008F260F9C4200B89F80 /* UIViewController+Presentable.swift */; };
		EDAC85C92600F0C500F6D871 /* UIViewController+Alert.swift in Sources */ = {isa = PBXBuildFile; fileRef = EDAC85C82600F0C500F6D871 /* UIViewController+Alert.swift */; };
		EDAC85CC2600FD4200F6D871 /* SignInViewModel.swift in Sources */ = {isa = PBXBuildFile; fileRef = EDAC85CB2600FD4200F6D871 /* SignInViewModel.swift */; };
		EDAC85D02600FF8D00F6D871 /* AuthorizationResponse.swift in Sources */ = {isa = PBXBuildFile; fileRef = EDAC85CF2600FF8D00F6D871 /* AuthorizationResponse.swift */; };
		EDAC85DF26024F3400F6D871 /* CreateTaskViewController.swift in Sources */ = {isa = PBXBuildFile; fileRef = EDAC85DE26024F3400F6D871 /* CreateTaskViewController.swift */; };
		EDAC85E326024F7400F6D871 /* TaskCreationCoordinator.swift in Sources */ = {isa = PBXBuildFile; fileRef = EDAC85E226024F7400F6D871 /* TaskCreationCoordinator.swift */; };
		EDEAE26F26377B050010FDFE /* DetailTextViewCell.swift in Sources */ = {isa = PBXBuildFile; fileRef = EDEAE26E26377B050010FDFE /* DetailTextViewCell.swift */; };
		EDEAE27226380C660010FDFE /* TimeInterval+ToString.swift in Sources */ = {isa = PBXBuildFile; fileRef = EDEAE27126380C660010FDFE /* TimeInterval+ToString.swift */; };
		EDEAE277263875560010FDFE /* TaskRepository.swift in Sources */ = {isa = PBXBuildFile; fileRef = EDEAE276263875560010FDFE /* TaskRepository.swift */; };
		EDEAE27A263876D40010FDFE /* FirestoreTaskRepository.swift in Sources */ = {isa = PBXBuildFile; fileRef = EDEAE279263876D40010FDFE /* FirestoreTaskRepository.swift */; };
		EDEAE28426388EC30010FDFE /* TaskService.swift in Sources */ = {isa = PBXBuildFile; fileRef = EDEAE28326388EC30010FDFE /* TaskService.swift */; };
		EDEAE28926389E890010FDFE /* TaskServiceImplementation.swift in Sources */ = {isa = PBXBuildFile; fileRef = EDEAE28826389E890010FDFE /* TaskServiceImplementation.swift */; };
		EDF5F32C25FA0AB3007CD5C1 /* AuthorizationError.swift in Sources */ = {isa = PBXBuildFile; fileRef = EDF5F32B25FA0AB3007CD5C1 /* AuthorizationError.swift */; };
		EDFD053225FA3E2100B8988F /* AuthErrorCode+LocalizedDescription.swift in Sources */ = {isa = PBXBuildFile; fileRef = EDFD053125FA3E2100B8988F /* AuthErrorCode+LocalizedDescription.swift */; };
		EDFD053525FA404700B8988F /* SignUpViewModel.swift in Sources */ = {isa = PBXBuildFile; fileRef = EDFD053425FA404700B8988F /* SignUpViewModel.swift */; };
		EDFF090D265D8267008DA975 /* CompletedTasksCoordinator.swift in Sources */ = {isa = PBXBuildFile; fileRef = EDFF090C265D8267008DA975 /* CompletedTasksCoordinator.swift */; };
		EDFF0911265D8A64008DA975 /* ClosedRange+ToIndexPath.swift in Sources */ = {isa = PBXBuildFile; fileRef = EDFF0910265D8A64008DA975 /* ClosedRange+ToIndexPath.swift */; };
		EDFF0916265DD467008DA975 /* TitledClosure.swift in Sources */ = {isa = PBXBuildFile; fileRef = EDFF0915265DD466008DA975 /* TitledClosure.swift */; };
		EDFF0919265DD4D9008DA975 /* SettingsViewModel.swift in Sources */ = {isa = PBXBuildFile; fileRef = EDFF0918265DD4D9008DA975 /* SettingsViewModel.swift */; };
		EDFF091C265E5617008DA975 /* SettingsViewController.swift in Sources */ = {isa = PBXBuildFile; fileRef = EDFF091B265E5617008DA975 /* SettingsViewController.swift */; };
		EDFF091F265E5D4B008DA975 /* SettingsCoordinator.swift in Sources */ = {isa = PBXBuildFile; fileRef = EDFF091E265E5D4B008DA975 /* SettingsCoordinator.swift */; };
		EDFF0922265E7DD1008DA975 /* UIButton+SetColorForState.swift in Sources */ = {isa = PBXBuildFile; fileRef = EDFF0921265E7DD1008DA975 /* UIButton+SetColorForState.swift */; };
		EDFF0925265E83C9008DA975 /* Notification.Name+CustomNames.swift in Sources */ = {isa = PBXBuildFile; fileRef = EDFF0924265E83C9008DA975 /* Notification.Name+CustomNames.swift */; };
		EDFF092F265ECA1D008DA975 /* SegmentViewModel.swift in Sources */ = {isa = PBXBuildFile; fileRef = EDFF092E265ECA1D008DA975 /* SegmentViewModel.swift */; };
		EDFF0934265ECA85008DA975 /* StatsViewModel.swift in Sources */ = {isa = PBXBuildFile; fileRef = EDFF0933265ECA85008DA975 /* StatsViewModel.swift */; };
		EDFF0938265ED1E7008DA975 /* SummaryViewModel.swift in Sources */ = {isa = PBXBuildFile; fileRef = EDFF0937265ED1E7008DA975 /* SummaryViewModel.swift */; };
		EDFF093B265ED384008DA975 /* StatsViewController.swift in Sources */ = {isa = PBXBuildFile; fileRef = EDFF093A265ED384008DA975 /* StatsViewController.swift */; };
/* End PBXBuildFile section */

/* Begin PBXFileReference section */
		593EC2321DA10D43C5D392B9 /* Pods_WorkAndAnalyse.framework */ = {isa = PBXFileReference; explicitFileType = wrapper.framework; includeInIndex = 0; path = Pods_WorkAndAnalyse.framework; sourceTree = BUILT_PRODUCTS_DIR; };
		8BCB4673C8A17830129CDCF0 /* Pods-WorkAndAnalyse.release.xcconfig */ = {isa = PBXFileReference; includeInIndex = 1; lastKnownFileType = text.xcconfig; name = "Pods-WorkAndAnalyse.release.xcconfig"; path = "Target Support Files/Pods-WorkAndAnalyse/Pods-WorkAndAnalyse.release.xcconfig"; sourceTree = "<group>"; };
		AA4AC0699D9E47C29C1B1747 /* Pods-WorkAndAnalyse.debug.xcconfig */ = {isa = PBXFileReference; includeInIndex = 1; lastKnownFileType = text.xcconfig; name = "Pods-WorkAndAnalyse.debug.xcconfig"; path = "Target Support Files/Pods-WorkAndAnalyse/Pods-WorkAndAnalyse.debug.xcconfig"; sourceTree = "<group>"; };
		ED268F6426359742006AFDDD /* PickerViewCell.swift */ = {isa = PBXFileReference; lastKnownFileType = sourcecode.swift; path = PickerViewCell.swift; sourceTree = "<group>"; };
		ED268F682635A290006AFDDD /* AddSubtaskViewModel.swift */ = {isa = PBXFileReference; lastKnownFileType = sourcecode.swift; path = AddSubtaskViewModel.swift; sourceTree = "<group>"; };
		ED268F6C2635D1BE006AFDDD /* StandartTextFieldCell.swift */ = {isa = PBXFileReference; lastKnownFileType = sourcecode.swift; path = StandartTextFieldCell.swift; sourceTree = "<group>"; };
		ED268F6F2635D388006AFDDD /* EdgedTextField.swift */ = {isa = PBXFileReference; lastKnownFileType = sourcecode.swift; path = EdgedTextField.swift; sourceTree = "<group>"; };
		ED268F732635F1B5006AFDDD /* DatePickerCell.swift */ = {isa = PBXFileReference; lastKnownFileType = sourcecode.swift; path = DatePickerCell.swift; sourceTree = "<group>"; };
		ED268F782636A652006AFDDD /* RightDetailSubtitledView.swift */ = {isa = PBXFileReference; lastKnownFileType = sourcecode.swift; path = RightDetailSubtitledView.swift; sourceTree = "<group>"; };
		ED2EBFB225EFDEC5005B7A1E /* FirebaseLoginService.swift */ = {isa = PBXFileReference; lastKnownFileType = sourcecode.swift; path = FirebaseLoginService.swift; sourceTree = "<group>"; };
		ED31CB4326394BEF001CDD23 /* MyTasksCoordinator.swift */ = {isa = PBXFileReference; lastKnownFileType = sourcecode.swift; path = MyTasksCoordinator.swift; sourceTree = "<group>"; };
		ED31CB4A26394D58001CDD23 /* TaskListViewController.swift */ = {isa = PBXFileReference; lastKnownFileType = sourcecode.swift; path = TaskListViewController.swift; sourceTree = "<group>"; };
		ED31CB4D263962B8001CDD23 /* TaskViewModel.swift */ = {isa = PBXFileReference; lastKnownFileType = sourcecode.swift; path = TaskViewModel.swift; sourceTree = "<group>"; };
		ED31CB502639646F001CDD23 /* TaskListViewModel.swift */ = {isa = PBXFileReference; lastKnownFileType = sourcecode.swift; path = TaskListViewModel.swift; sourceTree = "<group>"; };
		ED33E98C265EE188000E4641 /* StatsCoordinator.swift */ = {isa = PBXFileReference; lastKnownFileType = sourcecode.swift; path = StatsCoordinator.swift; sourceTree = "<group>"; };
		ED362AB02611D9A7008DB051 /* MainTabBarController.swift */ = {isa = PBXFileReference; lastKnownFileType = sourcecode.swift; path = MainTabBarController.swift; sourceTree = "<group>"; };
		ED38745A25EBFDB5007D9A38 /* ScrollableViewController.swift */ = {isa = PBXFileReference; lastKnownFileType = sourcecode.swift; path = ScrollableViewController.swift; sourceTree = "<group>"; };
		ED38745E25ECF14D007D9A38 /* SignUpViewController.swift */ = {isa = PBXFileReference; lastKnownFileType = sourcecode.swift; path = SignUpViewController.swift; sourceTree = "<group>"; };
		ED38746125ED576E007D9A38 /* GoogleService-Info.plist */ = {isa = PBXFileReference; fileEncoding = 4; lastKnownFileType = text.plist.xml; path = "GoogleService-Info.plist"; sourceTree = "<group>"; };
		ED3EF8F1260A241400C41119 /* CustomTextFieldCell.swift */ = {isa = PBXFileReference; lastKnownFileType = sourcecode.swift; path = CustomTextFieldCell.swift; sourceTree = "<group>"; };
		ED3EF8FA260B28EC00C41119 /* LabelSectionHeaderView.swift */ = {isa = PBXFileReference; lastKnownFileType = sourcecode.swift; path = LabelSectionHeaderView.swift; sourceTree = "<group>"; };
		ED3EF8FF260CA4DB00C41119 /* Task.swift */ = {isa = PBXFileReference; lastKnownFileType = sourcecode.swift; path = Task.swift; sourceTree = "<group>"; };
		ED3EF90A260CBF6400C41119 /* CreateTaskViewModel.swift */ = {isa = PBXFileReference; lastKnownFileType = sourcecode.swift; path = CreateTaskViewModel.swift; sourceTree = "<group>"; };
		ED409F4B2659A52300BD9797 /* CellViewModel.swift */ = {isa = PBXFileReference; lastKnownFileType = sourcecode.swift; path = CellViewModel.swift; sourceTree = "<group>"; };
		ED409F51265AA68800BD9797 /* CellType.swift */ = {isa = PBXFileReference; lastKnownFileType = sourcecode.swift; path = CellType.swift; sourceTree = "<group>"; };
		ED409F57265B207200BD9797 /* UIImage+Resize.swift */ = {isa = PBXFileReference; lastKnownFileType = sourcecode.swift; path = "UIImage+Resize.swift"; sourceTree = "<group>"; };
		ED409F5D265B40D600BD9797 /* Date+ToString.swift */ = {isa = PBXFileReference; lastKnownFileType = sourcecode.swift; path = "Date+ToString.swift"; sourceTree = "<group>"; };
		ED409F64265B4C2300BD9797 /* OutlinedView.swift */ = {isa = PBXFileReference; lastKnownFileType = sourcecode.swift; path = OutlinedView.swift; sourceTree = "<group>"; };
		ED409F67265B4F2200BD9797 /* OutlinedCell.swift */ = {isa = PBXFileReference; lastKnownFileType = sourcecode.swift; path = OutlinedCell.swift; sourceTree = "<group>"; };
		ED409F6D265B642500BD9797 /* SubtaskViewModel.swift */ = {isa = PBXFileReference; lastKnownFileType = sourcecode.swift; path = SubtaskViewModel.swift; sourceTree = "<group>"; };
		ED409F70265C25CD00BD9797 /* Collection+SafeAccess.swift */ = {isa = PBXFileReference; lastKnownFileType = sourcecode.swift; path = "Collection+SafeAccess.swift"; sourceTree = "<group>"; };
		ED409F7D265D6FD200BD9797 /* TaskListViewModelProtocol.swift */ = {isa = PBXFileReference; lastKnownFileType = sourcecode.swift; path = TaskListViewModelProtocol.swift; sourceTree = "<group>"; };
		ED4ADB3B25E7EE1F00935A90 /* WorkAndAnalyse.app */ = {isa = PBXFileReference; explicitFileType = wrapper.application; includeInIndex = 0; path = WorkAndAnalyse.app; sourceTree = BUILT_PRODUCTS_DIR; };
		ED4ADB3E25E7EE1F00935A90 /* AppDelegate.swift */ = {isa = PBXFileReference; lastKnownFileType = sourcecode.swift; path = AppDelegate.swift; sourceTree = "<group>"; };
		ED4ADB4025E7EE1F00935A90 /* SceneDelegate.swift */ = {isa = PBXFileReference; lastKnownFileType = sourcecode.swift; path = SceneDelegate.swift; sourceTree = "<group>"; };
		ED4ADB4725E7EE2100935A90 /* Assets.xcassets */ = {isa = PBXFileReference; lastKnownFileType = folder.assetcatalog; path = Assets.xcassets; sourceTree = "<group>"; };
		ED4ADB4A25E7EE2100935A90 /* Base */ = {isa = PBXFileReference; lastKnownFileType = file.storyboard; name = Base; path = Base.lproj/LaunchScreen.storyboard; sourceTree = "<group>"; };
		ED4ADB4C25E7EE2100935A90 /* Info.plist */ = {isa = PBXFileReference; lastKnownFileType = text.plist.xml; path = Info.plist; sourceTree = "<group>"; };
		ED4CF2062659A45000FA689C /* SectionViewModel.swift */ = {isa = PBXFileReference; lastKnownFileType = sourcecode.swift; path = SectionViewModel.swift; sourceTree = "<group>"; };
		ED4D182B2613812C00F28495 /* AddSubtaskViewController.swift */ = {isa = PBXFileReference; lastKnownFileType = sourcecode.swift; path = AddSubtaskViewController.swift; sourceTree = "<group>"; };
		ED4D18312613B97200F28495 /* LoginService.swift */ = {isa = PBXFileReference; lastKnownFileType = sourcecode.swift; path = LoginService.swift; sourceTree = "<group>"; };
		ED4D18342613B9B800F28495 /* RegistrationService.swift */ = {isa = PBXFileReference; lastKnownFileType = sourcecode.swift; path = RegistrationService.swift; sourceTree = "<group>"; };
		ED4F875825E7F033008117AB /* BaseViewController.swift */ = {isa = PBXFileReference; lastKnownFileType = sourcecode.swift; path = BaseViewController.swift; sourceTree = "<group>"; };
		ED4FA65C25E82EF200C6E04D /* CustomFonts.swift */ = {isa = PBXFileReference; lastKnownFileType = sourcecode.swift; path = CustomFonts.swift; sourceTree = "<group>"; };
		ED4FA66125E8317400C6E04D /* SignInViewController.swift */ = {isa = PBXFileReference; lastKnownFileType = sourcecode.swift; path = SignInViewController.swift; sourceTree = "<group>"; };
		ED4FA66425E8C92A00C6E04D /* StyledTextField.swift */ = {isa = PBXFileReference; lastKnownFileType = sourcecode.swift; path = StyledTextField.swift; sourceTree = "<group>"; };
		ED4FA66C25E8DC9E00C6E04D /* OpenSans-SemiBold.ttf */ = {isa = PBXFileReference; lastKnownFileType = file; path = "OpenSans-SemiBold.ttf"; sourceTree = "<group>"; };
		ED4FA66D25E8DC9E00C6E04D /* OpenSans-Light.ttf */ = {isa = PBXFileReference; lastKnownFileType = file; path = "OpenSans-Light.ttf"; sourceTree = "<group>"; };
		ED4FA66E25E8DC9E00C6E04D /* OpenSans-Bold.ttf */ = {isa = PBXFileReference; lastKnownFileType = file; path = "OpenSans-Bold.ttf"; sourceTree = "<group>"; };
		ED4FA66F25E8DC9E00C6E04D /* OpenSans-Regular.ttf */ = {isa = PBXFileReference; lastKnownFileType = file; path = "OpenSans-Regular.ttf"; sourceTree = "<group>"; };
		ED4FA67825E8E49000C6E04D /* UIColor+Hex.swift */ = {isa = PBXFileReference; lastKnownFileType = sourcecode.swift; path = "UIColor+Hex.swift"; sourceTree = "<group>"; };
		ED4FA67D25E8E6D900C6E04D /* StyledButton.swift */ = {isa = PBXFileReference; lastKnownFileType = sourcecode.swift; path = StyledButton.swift; sourceTree = "<group>"; };
		ED4FA68025E8EB1E00C6E04D /* CustomColors.swift */ = {isa = PBXFileReference; lastKnownFileType = sourcecode.swift; path = CustomColors.swift; sourceTree = "<group>"; };
		ED5FEFBA25EE88A3004581EF /* FirebaseRegistrationService.swift */ = {isa = PBXFileReference; lastKnownFileType = sourcecode.swift; path = FirebaseRegistrationService.swift; sourceTree = "<group>"; };
		ED6AE3182607DEAD003D42A4 /* CustomButtonCell.swift */ = {isa = PBXFileReference; lastKnownFileType = sourcecode.swift; path = CustomButtonCell.swift; sourceTree = "<group>"; };
		ED77B7C725F49FA1000BFF44 /* Coordinator.swift */ = {isa = PBXFileReference; lastKnownFileType = sourcecode.swift; path = Coordinator.swift; sourceTree = "<group>"; };
		ED77B7CE25F4A19E000BFF44 /* AuthCoordinator.swift */ = {isa = PBXFileReference; lastKnownFileType = sourcecode.swift; path = AuthCoordinator.swift; sourceTree = "<group>"; };
		ED82005F260F53D600B89F80 /* BaseCoordinator.swift */ = {isa = PBXFileReference; lastKnownFileType = sourcecode.swift; path = BaseCoordinator.swift; sourceTree = "<group>"; };
		ED820063260F548800B89F80 /* Router.swift */ = {isa = PBXFileReference; lastKnownFileType = sourcecode.swift; path = Router.swift; sourceTree = "<group>"; };
		ED820068260F54AD00B89F80 /* Presentable.swift */ = {isa = PBXFileReference; lastKnownFileType = sourcecode.swift; path = Presentable.swift; sourceTree = "<group>"; };
		ED82006C260F55AF00B89F80 /* CoordinatorFactory.swift */ = {isa = PBXFileReference; lastKnownFileType = sourcecode.swift; path = CoordinatorFactory.swift; sourceTree = "<group>"; };
		ED820071260F57D800B89F80 /* ApplicationCoordinator.swift */ = {isa = PBXFileReference; lastKnownFileType = sourcecode.swift; path = ApplicationCoordinator.swift; sourceTree = "<group>"; };
		ED820077260F58C000B89F80 /* LauchInstructor.swift */ = {isa = PBXFileReference; lastKnownFileType = sourcecode.swift; path = LauchInstructor.swift; sourceTree = "<group>"; };
		ED82007F260F5CA600B89F80 /* ViewControllerFactory.swift */ = {isa = PBXFileReference; lastKnownFileType = sourcecode.swift; path = ViewControllerFactory.swift; sourceTree = "<group>"; };
		ED820084260F8DCD00B89F80 /* RouterProtocol.swift */ = {isa = PBXFileReference; lastKnownFileType = sourcecode.swift; path = RouterProtocol.swift; sourceTree = "<group>"; };
		ED820087260F8F3400B89F80 /* CoordinatorFinishOutput.swift */ = {isa = PBXFileReference; lastKnownFileType = sourcecode.swift; path = CoordinatorFinishOutput.swift; sourceTree = "<group>"; };
		ED82008F260F9C4200B89F80 /* UIViewController+Presentable.swift */ = {isa = PBXFileReference; lastKnownFileType = sourcecode.swift; path = "UIViewController+Presentable.swift"; sourceTree = "<group>"; };
		EDAC85C82600F0C500F6D871 /* UIViewController+Alert.swift */ = {isa = PBXFileReference; lastKnownFileType = sourcecode.swift; path = "UIViewController+Alert.swift"; sourceTree = "<group>"; };
		EDAC85CB2600FD4200F6D871 /* SignInViewModel.swift */ = {isa = PBXFileReference; lastKnownFileType = sourcecode.swift; path = SignInViewModel.swift; sourceTree = "<group>"; };
		EDAC85CF2600FF8D00F6D871 /* AuthorizationResponse.swift */ = {isa = PBXFileReference; lastKnownFileType = sourcecode.swift; path = AuthorizationResponse.swift; sourceTree = "<group>"; };
		EDAC85DE26024F3400F6D871 /* CreateTaskViewController.swift */ = {isa = PBXFileReference; lastKnownFileType = sourcecode.swift; path = CreateTaskViewController.swift; sourceTree = "<group>"; };
		EDAC85E226024F7400F6D871 /* TaskCreationCoordinator.swift */ = {isa = PBXFileReference; lastKnownFileType = sourcecode.swift; path = TaskCreationCoordinator.swift; sourceTree = "<group>"; };
		EDEAE26E26377B050010FDFE /* DetailTextViewCell.swift */ = {isa = PBXFileReference; lastKnownFileType = sourcecode.swift; path = DetailTextViewCell.swift; sourceTree = "<group>"; };
		EDEAE27126380C660010FDFE /* TimeInterval+ToString.swift */ = {isa = PBXFileReference; lastKnownFileType = sourcecode.swift; path = "TimeInterval+ToString.swift"; sourceTree = "<group>"; };
		EDEAE276263875560010FDFE /* TaskRepository.swift */ = {isa = PBXFileReference; lastKnownFileType = sourcecode.swift; path = TaskRepository.swift; sourceTree = "<group>"; };
		EDEAE279263876D40010FDFE /* FirestoreTaskRepository.swift */ = {isa = PBXFileReference; lastKnownFileType = sourcecode.swift; path = FirestoreTaskRepository.swift; sourceTree = "<group>"; };
		EDEAE28326388EC30010FDFE /* TaskService.swift */ = {isa = PBXFileReference; fileEncoding = 4; lastKnownFileType = sourcecode.swift; path = TaskService.swift; sourceTree = "<group>"; };
		EDEAE28826389E890010FDFE /* TaskServiceImplementation.swift */ = {isa = PBXFileReference; lastKnownFileType = sourcecode.swift; path = TaskServiceImplementation.swift; sourceTree = "<group>"; };
		EDF5F32B25FA0AB3007CD5C1 /* AuthorizationError.swift */ = {isa = PBXFileReference; lastKnownFileType = sourcecode.swift; path = AuthorizationError.swift; sourceTree = "<group>"; };
		EDFD053125FA3E2100B8988F /* AuthErrorCode+LocalizedDescription.swift */ = {isa = PBXFileReference; lastKnownFileType = sourcecode.swift; path = "AuthErrorCode+LocalizedDescription.swift"; sourceTree = "<group>"; };
		EDFD053425FA404700B8988F /* SignUpViewModel.swift */ = {isa = PBXFileReference; lastKnownFileType = sourcecode.swift; path = SignUpViewModel.swift; sourceTree = "<group>"; };
		EDFF090C265D8267008DA975 /* CompletedTasksCoordinator.swift */ = {isa = PBXFileReference; lastKnownFileType = sourcecode.swift; path = CompletedTasksCoordinator.swift; sourceTree = "<group>"; };
		EDFF0910265D8A64008DA975 /* ClosedRange+ToIndexPath.swift */ = {isa = PBXFileReference; lastKnownFileType = sourcecode.swift; path = "ClosedRange+ToIndexPath.swift"; sourceTree = "<group>"; };
		EDFF0915265DD466008DA975 /* TitledClosure.swift */ = {isa = PBXFileReference; lastKnownFileType = sourcecode.swift; path = TitledClosure.swift; sourceTree = "<group>"; };
		EDFF0918265DD4D9008DA975 /* SettingsViewModel.swift */ = {isa = PBXFileReference; lastKnownFileType = sourcecode.swift; path = SettingsViewModel.swift; sourceTree = "<group>"; };
		EDFF091B265E5617008DA975 /* SettingsViewController.swift */ = {isa = PBXFileReference; lastKnownFileType = sourcecode.swift; path = SettingsViewController.swift; sourceTree = "<group>"; };
		EDFF091E265E5D4B008DA975 /* SettingsCoordinator.swift */ = {isa = PBXFileReference; lastKnownFileType = sourcecode.swift; path = SettingsCoordinator.swift; sourceTree = "<group>"; };
		EDFF0921265E7DD1008DA975 /* UIButton+SetColorForState.swift */ = {isa = PBXFileReference; lastKnownFileType = sourcecode.swift; path = "UIButton+SetColorForState.swift"; sourceTree = "<group>"; };
		EDFF0924265E83C9008DA975 /* Notification.Name+CustomNames.swift */ = {isa = PBXFileReference; lastKnownFileType = sourcecode.swift; path = "Notification.Name+CustomNames.swift"; sourceTree = "<group>"; };
		EDFF092E265ECA1D008DA975 /* SegmentViewModel.swift */ = {isa = PBXFileReference; lastKnownFileType = sourcecode.swift; path = SegmentViewModel.swift; sourceTree = "<group>"; };
		EDFF0933265ECA85008DA975 /* StatsViewModel.swift */ = {isa = PBXFileReference; lastKnownFileType = sourcecode.swift; path = StatsViewModel.swift; sourceTree = "<group>"; };
		EDFF0937265ED1E7008DA975 /* SummaryViewModel.swift */ = {isa = PBXFileReference; lastKnownFileType = sourcecode.swift; path = SummaryViewModel.swift; sourceTree = "<group>"; };
		EDFF093A265ED384008DA975 /* StatsViewController.swift */ = {isa = PBXFileReference; lastKnownFileType = sourcecode.swift; path = StatsViewController.swift; sourceTree = "<group>"; };
/* End PBXFileReference section */

/* Begin PBXFrameworksBuildPhase section */
		ED4ADB3825E7EE1E00935A90 /* Frameworks */ = {
			isa = PBXFrameworksBuildPhase;
			buildActionMask = 2147483647;
			files = (
				8A53FCAC822D139B05CECBE7 /* Pods_WorkAndAnalyse.framework in Frameworks */,
			);
			runOnlyForDeploymentPostprocessing = 0;
		};
/* End PBXFrameworksBuildPhase section */

/* Begin PBXGroup section */
		6C70D3F2D6469665E9AD47E8 /* Frameworks */ = {
			isa = PBXGroup;
			children = (
				593EC2321DA10D43C5D392B9 /* Pods_WorkAndAnalyse.framework */,
			);
			name = Frameworks;
			sourceTree = "<group>";
		};
		9B7EBAF78AB000CAB447C48E /* Pods */ = {
			isa = PBXGroup;
			children = (
				AA4AC0699D9E47C29C1B1747 /* Pods-WorkAndAnalyse.debug.xcconfig */,
				8BCB4673C8A17830129CDCF0 /* Pods-WorkAndAnalyse.release.xcconfig */,
			);
			path = Pods;
			sourceTree = "<group>";
		};
		ED31CB4226394BC3001CDD23 /* MyTasks */ = {
			isa = PBXGroup;
			children = (
				ED31CB4326394BEF001CDD23 /* MyTasksCoordinator.swift */,
			);
			path = MyTasks;
			sourceTree = "<group>";
		};
		ED409F74265D2CA800BD9797 /* ViewModel */ = {
			isa = PBXGroup;
			children = (
				ED31CB4D263962B8001CDD23 /* TaskViewModel.swift */,
				ED4CF2062659A45000FA689C /* SectionViewModel.swift */,
				ED409F4B2659A52300BD9797 /* CellViewModel.swift */,
				ED409F51265AA68800BD9797 /* CellType.swift */,
				ED409F6D265B642500BD9797 /* SubtaskViewModel.swift */,
				EDFF092E265ECA1D008DA975 /* SegmentViewModel.swift */,
				EDFF0937265ED1E7008DA975 /* SummaryViewModel.swift */,
			);
			path = ViewModel;
			sourceTree = "<group>";
		};
		ED409F7C265D6D8600BD9797 /* TaskLIst */ = {
			isa = PBXGroup;
			children = (
				ED31CB4A26394D58001CDD23 /* TaskListViewController.swift */,
				ED409F7D265D6FD200BD9797 /* TaskListViewModelProtocol.swift */,
				ED31CB502639646F001CDD23 /* TaskListViewModel.swift */,
				EDFF090B265D81F3008DA975 /* CompletedTasks */,
				ED31CB4226394BC3001CDD23 /* MyTasks */,
			);
			path = TaskLIst;
			sourceTree = "<group>";
		};
		ED4ADB3225E7EE1E00935A90 = {
			isa = PBXGroup;
			children = (
				ED4ADB3D25E7EE1F00935A90 /* WorkAndAnalyse */,
				ED4ADB3C25E7EE1F00935A90 /* Products */,
				9B7EBAF78AB000CAB447C48E /* Pods */,
				6C70D3F2D6469665E9AD47E8 /* Frameworks */,
			);
			sourceTree = "<group>";
		};
		ED4ADB3C25E7EE1F00935A90 /* Products */ = {
			isa = PBXGroup;
			children = (
				ED4ADB3B25E7EE1F00935A90 /* WorkAndAnalyse.app */,
			);
			name = Products;
			sourceTree = "<group>";
		};
		ED4ADB3D25E7EE1F00935A90 /* WorkAndAnalyse */ = {
			isa = PBXGroup;
			children = (
				ED82007B260F5A5100B89F80 /* Application */,
				ED4FA67725E8E41200C6E04D /* Extension */,
				ED82006F260F575F00B89F80 /* Factory */,
				ED4FA65B25E82ECF00C6E04D /* Helpers */,
				ED5FEFC525EE9BE2004581EF /* Model */,
				EDF5F32025F91F16007CD5C1 /* Modules */,
				ED82007D260F5B1100B89F80 /* Parents */,
				ED82007C260F5A9E00B89F80 /* Protocols */,
				EDEAE2752638738E0010FDFE /* Repository */,
				ED4FA66A25E8DC9E00C6E04D /* Resources */,
				ED820062260F546800B89F80 /* Router */,
				ED5FEFB525EDA58C004581EF /* Service */,
				ED5FEFBD25EE99AB004581EF /* View */,
				ED4ADB4725E7EE2100935A90 /* Assets.xcassets */,
				ED4ADB4925E7EE2100935A90 /* LaunchScreen.storyboard */,
				ED4ADB4C25E7EE2100935A90 /* Info.plist */,
				ED38746125ED576E007D9A38 /* GoogleService-Info.plist */,
			);
			path = WorkAndAnalyse;
			sourceTree = "<group>";
		};
		ED4D182A2613807300F28495 /* CreateSubtask */ = {
			isa = PBXGroup;
			children = (
				ED4D182B2613812C00F28495 /* AddSubtaskViewController.swift */,
				ED268F682635A290006AFDDD /* AddSubtaskViewModel.swift */,
			);
			path = CreateSubtask;
			sourceTree = "<group>";
		};
		ED4D182E2613B8C100F28495 /* Implementations */ = {
			isa = PBXGroup;
			children = (
				ED5FEFBA25EE88A3004581EF /* FirebaseRegistrationService.swift */,
				ED2EBFB225EFDEC5005B7A1E /* FirebaseLoginService.swift */,
			);
			path = Implementations;
			sourceTree = "<group>";
		};
		ED4FA65B25E82ECF00C6E04D /* Helpers */ = {
			isa = PBXGroup;
			children = (
				ED4FA65C25E82EF200C6E04D /* CustomFonts.swift */,
				ED4FA68025E8EB1E00C6E04D /* CustomColors.swift */,
			);
			path = Helpers;
			sourceTree = "<group>";
		};
		ED4FA66A25E8DC9E00C6E04D /* Resources */ = {
			isa = PBXGroup;
			children = (
				ED4FA66B25E8DC9E00C6E04D /* Fonts */,
			);
			path = Resources;
			sourceTree = "<group>";
		};
		ED4FA66B25E8DC9E00C6E04D /* Fonts */ = {
			isa = PBXGroup;
			children = (
				ED4FA66C25E8DC9E00C6E04D /* OpenSans-SemiBold.ttf */,
				ED4FA66D25E8DC9E00C6E04D /* OpenSans-Light.ttf */,
				ED4FA66E25E8DC9E00C6E04D /* OpenSans-Bold.ttf */,
				ED4FA66F25E8DC9E00C6E04D /* OpenSans-Regular.ttf */,
			);
			path = Fonts;
			sourceTree = "<group>";
		};
		ED4FA67725E8E41200C6E04D /* Extension */ = {
			isa = PBXGroup;
			children = (
				ED4FA67825E8E49000C6E04D /* UIColor+Hex.swift */,
				EDFD053125FA3E2100B8988F /* AuthErrorCode+LocalizedDescription.swift */,
				EDAC85C82600F0C500F6D871 /* UIViewController+Alert.swift */,
				ED82008F260F9C4200B89F80 /* UIViewController+Presentable.swift */,
				EDEAE27126380C660010FDFE /* TimeInterval+ToString.swift */,
				ED409F57265B207200BD9797 /* UIImage+Resize.swift */,
				ED409F5D265B40D600BD9797 /* Date+ToString.swift */,
				ED409F70265C25CD00BD9797 /* Collection+SafeAccess.swift */,
				EDFF0910265D8A64008DA975 /* ClosedRange+ToIndexPath.swift */,
				EDFF0921265E7DD1008DA975 /* UIButton+SetColorForState.swift */,
				EDFF0924265E83C9008DA975 /* Notification.Name+CustomNames.swift */,
			);
			path = Extension;
			sourceTree = "<group>";
		};
		ED5FEFB525EDA58C004581EF /* Service */ = {
			isa = PBXGroup;
			children = (
				EDEAE28726389E2F0010FDFE /* Task */,
				EDFD051125FA35C000B8988F /* Authorization */,
			);
			path = Service;
			sourceTree = "<group>";
		};
		ED5FEFBD25EE99AB004581EF /* View */ = {
			isa = PBXGroup;
			children = (
				ED6AE3172607DE4D003D42A4 /* Cell */,
				ED4FA66425E8C92A00C6E04D /* StyledTextField.swift */,
				ED4FA67D25E8E6D900C6E04D /* StyledButton.swift */,
				ED3EF8FA260B28EC00C41119 /* LabelSectionHeaderView.swift */,
				ED268F6F2635D388006AFDDD /* EdgedTextField.swift */,
				ED268F782636A652006AFDDD /* RightDetailSubtitledView.swift */,
				ED409F64265B4C2300BD9797 /* OutlinedView.swift */,
			);
			path = View;
			sourceTree = "<group>";
		};
		ED5FEFC525EE9BE2004581EF /* Model */ = {
			isa = PBXGroup;
			children = (
				ED3EF8FF260CA4DB00C41119 /* Task.swift */,
				EDFF0915265DD466008DA975 /* TitledClosure.swift */,
				ED409F74265D2CA800BD9797 /* ViewModel */,
			);
			path = Model;
			sourceTree = "<group>";
		};
		ED6AE31126067BF3003D42A4 /* TabBar */ = {
			isa = PBXGroup;
			children = (
				ED362AB02611D9A7008DB051 /* MainTabBarController.swift */,
			);
			path = TabBar;
			sourceTree = "<group>";
		};
		ED6AE3172607DE4D003D42A4 /* Cell */ = {
			isa = PBXGroup;
			children = (
				ED6AE3182607DEAD003D42A4 /* CustomButtonCell.swift */,
				ED3EF8F1260A241400C41119 /* CustomTextFieldCell.swift */,
				ED268F6426359742006AFDDD /* PickerViewCell.swift */,
				ED268F6C2635D1BE006AFDDD /* StandartTextFieldCell.swift */,
				ED268F732635F1B5006AFDDD /* DatePickerCell.swift */,
				EDEAE26E26377B050010FDFE /* DetailTextViewCell.swift */,
				ED409F67265B4F2200BD9797 /* OutlinedCell.swift */,
			);
			path = Cell;
			sourceTree = "<group>";
		};
		ED820062260F546800B89F80 /* Router */ = {
			isa = PBXGroup;
			children = (
				ED820063260F548800B89F80 /* Router.swift */,
				ED820084260F8DCD00B89F80 /* RouterProtocol.swift */,
			);
			path = Router;
			sourceTree = "<group>";
		};
		ED82006F260F575F00B89F80 /* Factory */ = {
			isa = PBXGroup;
			children = (
				ED82006C260F55AF00B89F80 /* CoordinatorFactory.swift */,
				ED82007F260F5CA600B89F80 /* ViewControllerFactory.swift */,
			);
			path = Factory;
			sourceTree = "<group>";
		};
		ED820075260F586D00B89F80 /* ApplicationCoordinator */ = {
			isa = PBXGroup;
			children = (
				ED820071260F57D800B89F80 /* ApplicationCoordinator.swift */,
				ED820076260F589300B89F80 /* Enum */,
			);
			path = ApplicationCoordinator;
			sourceTree = "<group>";
		};
		ED820076260F589300B89F80 /* Enum */ = {
			isa = PBXGroup;
			children = (
				ED820077260F58C000B89F80 /* LauchInstructor.swift */,
			);
			path = Enum;
			sourceTree = "<group>";
		};
		ED82007B260F5A5100B89F80 /* Application */ = {
			isa = PBXGroup;
			children = (
				ED4ADB3E25E7EE1F00935A90 /* AppDelegate.swift */,
				ED4ADB4025E7EE1F00935A90 /* SceneDelegate.swift */,
				ED820075260F586D00B89F80 /* ApplicationCoordinator */,
			);
			path = Application;
			sourceTree = "<group>";
		};
		ED82007C260F5A9E00B89F80 /* Protocols */ = {
			isa = PBXGroup;
			children = (
				ED820087260F8F3400B89F80 /* CoordinatorFinishOutput.swift */,
				ED820068260F54AD00B89F80 /* Presentable.swift */,
				ED77B7C725F49FA1000BFF44 /* Coordinator.swift */,
			);
			path = Protocols;
			sourceTree = "<group>";
		};
		ED82007D260F5B1100B89F80 /* Parents */ = {
			isa = PBXGroup;
			children = (
				ED82005F260F53D600B89F80 /* BaseCoordinator.swift */,
				ED4F875825E7F033008117AB /* BaseViewController.swift */,
				ED38745A25EBFDB5007D9A38 /* ScrollableViewController.swift */,
			);
			path = Parents;
			sourceTree = "<group>";
		};
		ED820095260F9EAA00B89F80 /* CreateTask */ = {
			isa = PBXGroup;
			children = (
				EDAC85DE26024F3400F6D871 /* CreateTaskViewController.swift */,
				ED3EF90A260CBF6400C41119 /* CreateTaskViewModel.swift */,
			);
			path = CreateTask;
			sourceTree = "<group>";
		};
		EDAC85DD26024F1C00F6D871 /* TaskCreation */ = {
			isa = PBXGroup;
			children = (
				EDAC85E226024F7400F6D871 /* TaskCreationCoordinator.swift */,
				ED820095260F9EAA00B89F80 /* CreateTask */,
				ED4D182A2613807300F28495 /* CreateSubtask */,
			);
			path = TaskCreation;
			sourceTree = "<group>";
		};
		EDEAE2752638738E0010FDFE /* Repository */ = {
			isa = PBXGroup;
			children = (
				EDEAE276263875560010FDFE /* TaskRepository.swift */,
				EDEAE279263876D40010FDFE /* FirestoreTaskRepository.swift */,
			);
			path = Repository;
			sourceTree = "<group>";
		};
		EDEAE28726389E2F0010FDFE /* Task */ = {
			isa = PBXGroup;
			children = (
				EDEAE28326388EC30010FDFE /* TaskService.swift */,
				EDEAE28826389E890010FDFE /* TaskServiceImplementation.swift */,
			);
			path = Task;
			sourceTree = "<group>";
		};
		EDF5F32025F91F16007CD5C1 /* Modules */ = {
			isa = PBXGroup;
			children = (
				EDFF0932265ECA6D008DA975 /* Stats */,
				EDFF0913265DD21B008DA975 /* Settings */,
				ED409F7C265D6D8600BD9797 /* TaskLIst */,
				EDF5F32125F92000007CD5C1 /* Authorization */,
				EDAC85DD26024F1C00F6D871 /* TaskCreation */,
				ED6AE31126067BF3003D42A4 /* TabBar */,
			);
			path = Modules;
			sourceTree = "<group>";
		};
		EDF5F32125F92000007CD5C1 /* Authorization */ = {
			isa = PBXGroup;
			children = (
				ED77B7CE25F4A19E000BFF44 /* AuthCoordinator.swift */,
				EDF5F32325F9201E007CD5C1 /* SignUp */,
				EDF5F32225F9200C007CD5C1 /* SignIn */,
			);
			path = Authorization;
			sourceTree = "<group>";
		};
		EDF5F32225F9200C007CD5C1 /* SignIn */ = {
			isa = PBXGroup;
			children = (
				ED4FA66125E8317400C6E04D /* SignInViewController.swift */,
				EDAC85CB2600FD4200F6D871 /* SignInViewModel.swift */,
			);
			path = SignIn;
			sourceTree = "<group>";
		};
		EDF5F32325F9201E007CD5C1 /* SignUp */ = {
			isa = PBXGroup;
			children = (
				ED38745E25ECF14D007D9A38 /* SignUpViewController.swift */,
				EDFD053425FA404700B8988F /* SignUpViewModel.swift */,
			);
			path = SignUp;
			sourceTree = "<group>";
		};
		EDFD051125FA35C000B8988F /* Authorization */ = {
			isa = PBXGroup;
			children = (
				ED4D182E2613B8C100F28495 /* Implementations */,
				EDF5F32B25FA0AB3007CD5C1 /* AuthorizationError.swift */,
				EDAC85CF2600FF8D00F6D871 /* AuthorizationResponse.swift */,
				ED4D18312613B97200F28495 /* LoginService.swift */,
				ED4D18342613B9B800F28495 /* RegistrationService.swift */,
			);
			path = Authorization;
			sourceTree = "<group>";
		};
		EDFF090B265D81F3008DA975 /* CompletedTasks */ = {
			isa = PBXGroup;
			children = (
				EDFF090C265D8267008DA975 /* CompletedTasksCoordinator.swift */,
			);
			path = CompletedTasks;
			sourceTree = "<group>";
		};
		EDFF0913265DD21B008DA975 /* Settings */ = {
			isa = PBXGroup;
			children = (
				EDFF0918265DD4D9008DA975 /* SettingsViewModel.swift */,
				EDFF091B265E5617008DA975 /* SettingsViewController.swift */,
				EDFF091E265E5D4B008DA975 /* SettingsCoordinator.swift */,
			);
			path = Settings;
			sourceTree = "<group>";
		};
		EDFF0932265ECA6D008DA975 /* Stats */ = {
			isa = PBXGroup;
			children = (
				EDFF0933265ECA85008DA975 /* StatsViewModel.swift */,
				EDFF093A265ED384008DA975 /* StatsViewController.swift */,
				ED33E98C265EE188000E4641 /* StatsCoordinator.swift */,
			);
			path = Stats;
			sourceTree = "<group>";
		};
/* End PBXGroup section */

/* Begin PBXNativeTarget section */
		ED4ADB3A25E7EE1E00935A90 /* WorkAndAnalyse */ = {
			isa = PBXNativeTarget;
			buildConfigurationList = ED4ADB4F25E7EE2100935A90 /* Build configuration list for PBXNativeTarget "WorkAndAnalyse" */;
			buildPhases = (
				02BABE5B56DF327377B8AF35 /* [CP] Check Pods Manifest.lock */,
				ED4ADB3725E7EE1E00935A90 /* Sources */,
				ED4ADB3825E7EE1E00935A90 /* Frameworks */,
				ED4ADB3925E7EE1E00935A90 /* Resources */,
				1552EB5EF106A2773CD6D813 /* [CP] Embed Pods Frameworks */,
			);
			buildRules = (
			);
			dependencies = (
			);
			name = WorkAndAnalyse;
			productName = WorkAndAnalyse;
			productReference = ED4ADB3B25E7EE1F00935A90 /* WorkAndAnalyse.app */;
			productType = "com.apple.product-type.application";
		};
/* End PBXNativeTarget section */

/* Begin PBXProject section */
		ED4ADB3325E7EE1E00935A90 /* Project object */ = {
			isa = PBXProject;
			attributes = {
				LastSwiftUpdateCheck = 1220;
				LastUpgradeCheck = 1220;
				TargetAttributes = {
					ED4ADB3A25E7EE1E00935A90 = {
						CreatedOnToolsVersion = 12.2;
					};
				};
			};
			buildConfigurationList = ED4ADB3625E7EE1E00935A90 /* Build configuration list for PBXProject "WorkAndAnalyse" */;
			compatibilityVersion = "Xcode 9.3";
			developmentRegion = en;
			hasScannedForEncodings = 0;
			knownRegions = (
				en,
				Base,
			);
			mainGroup = ED4ADB3225E7EE1E00935A90;
			productRefGroup = ED4ADB3C25E7EE1F00935A90 /* Products */;
			projectDirPath = "";
			projectRoot = "";
			targets = (
				ED4ADB3A25E7EE1E00935A90 /* WorkAndAnalyse */,
			);
		};
/* End PBXProject section */

/* Begin PBXResourcesBuildPhase section */
		ED4ADB3925E7EE1E00935A90 /* Resources */ = {
			isa = PBXResourcesBuildPhase;
			buildActionMask = 2147483647;
			files = (
				ED4FA67025E8DC9E00C6E04D /* OpenSans-SemiBold.ttf in Resources */,
				ED38746225ED576E007D9A38 /* GoogleService-Info.plist in Resources */,
				ED4ADB4B25E7EE2100935A90 /* LaunchScreen.storyboard in Resources */,
				ED4FA67225E8DC9E00C6E04D /* OpenSans-Bold.ttf in Resources */,
				ED4FA67325E8DC9E00C6E04D /* OpenSans-Regular.ttf in Resources */,
				ED4ADB4825E7EE2100935A90 /* Assets.xcassets in Resources */,
				ED4FA67125E8DC9E00C6E04D /* OpenSans-Light.ttf in Resources */,
			);
			runOnlyForDeploymentPostprocessing = 0;
		};
/* End PBXResourcesBuildPhase section */

/* Begin PBXShellScriptBuildPhase section */
		02BABE5B56DF327377B8AF35 /* [CP] Check Pods Manifest.lock */ = {
			isa = PBXShellScriptBuildPhase;
			buildActionMask = 2147483647;
			files = (
			);
			inputFileListPaths = (
			);
			inputPaths = (
				"${PODS_PODFILE_DIR_PATH}/Podfile.lock",
				"${PODS_ROOT}/Manifest.lock",
			);
			name = "[CP] Check Pods Manifest.lock";
			outputFileListPaths = (
			);
			outputPaths = (
				"$(DERIVED_FILE_DIR)/Pods-WorkAndAnalyse-checkManifestLockResult.txt",
			);
			runOnlyForDeploymentPostprocessing = 0;
			shellPath = /bin/sh;
			shellScript = "diff \"${PODS_PODFILE_DIR_PATH}/Podfile.lock\" \"${PODS_ROOT}/Manifest.lock\" > /dev/null\nif [ $? != 0 ] ; then\n    # print error to STDERR\n    echo \"error: The sandbox is not in sync with the Podfile.lock. Run 'pod install' or update your CocoaPods installation.\" >&2\n    exit 1\nfi\n# This output is used by Xcode 'outputs' to avoid re-running this script phase.\necho \"SUCCESS\" > \"${SCRIPT_OUTPUT_FILE_0}\"\n";
			showEnvVarsInLog = 0;
		};
		1552EB5EF106A2773CD6D813 /* [CP] Embed Pods Frameworks */ = {
			isa = PBXShellScriptBuildPhase;
			buildActionMask = 2147483647;
			files = (
			);
			inputFileListPaths = (
				"${PODS_ROOT}/Target Support Files/Pods-WorkAndAnalyse/Pods-WorkAndAnalyse-frameworks-${CONFIGURATION}-input-files.xcfilelist",
			);
			name = "[CP] Embed Pods Frameworks";
			outputFileListPaths = (
				"${PODS_ROOT}/Target Support Files/Pods-WorkAndAnalyse/Pods-WorkAndAnalyse-frameworks-${CONFIGURATION}-output-files.xcfilelist",
			);
			runOnlyForDeploymentPostprocessing = 0;
			shellPath = /bin/sh;
			shellScript = "\"${PODS_ROOT}/Target Support Files/Pods-WorkAndAnalyse/Pods-WorkAndAnalyse-frameworks.sh\"\n";
			showEnvVarsInLog = 0;
		};
/* End PBXShellScriptBuildPhase section */

/* Begin PBXSourcesBuildPhase section */
		ED4ADB3725E7EE1E00935A90 /* Sources */ = {
			isa = PBXSourcesBuildPhase;
			buildActionMask = 2147483647;
			files = (
				ED77B7C825F49FA1000BFF44 /* Coordinator.swift in Sources */,
				ED4F875925E7F033008117AB /* BaseViewController.swift in Sources */,
				ED4CF2072659A45000FA689C /* SectionViewModel.swift in Sources */,
				ED3EF90B260CBF6500C41119 /* CreateTaskViewModel.swift in Sources */,
				EDFF0934265ECA85008DA975 /* StatsViewModel.swift in Sources */,
				ED31CB4426394BEF001CDD23 /* MyTasksCoordinator.swift in Sources */,
				ED268F6526359742006AFDDD /* PickerViewCell.swift in Sources */,
				ED3EF900260CA4DB00C41119 /* Task.swift in Sources */,
				ED38745B25EBFDB5007D9A38 /* ScrollableViewController.swift in Sources */,
				EDEAE27226380C660010FDFE /* TimeInterval+ToString.swift in Sources */,
				ED268F6D2635D1BE006AFDDD /* StandartTextFieldCell.swift in Sources */,
				ED409F4C2659A52300BD9797 /* CellViewModel.swift in Sources */,
				ED409F5E265B40D600BD9797 /* Date+ToString.swift in Sources */,
				ED268F692635A290006AFDDD /* AddSubtaskViewModel.swift in Sources */,
				ED409F58265B207200BD9797 /* UIImage+Resize.swift in Sources */,
				ED409F68265B4F2200BD9797 /* OutlinedCell.swift in Sources */,
				ED4ADB3F25E7EE1F00935A90 /* AppDelegate.swift in Sources */,
				EDFF092F265ECA1D008DA975 /* SegmentViewModel.swift in Sources */,
				EDFF093B265ED384008DA975 /* StatsViewController.swift in Sources */,
				EDAC85E326024F7400F6D871 /* TaskCreationCoordinator.swift in Sources */,
				EDEAE28926389E890010FDFE /* TaskServiceImplementation.swift in Sources */,
				ED820072260F57D800B89F80 /* ApplicationCoordinator.swift in Sources */,
				EDFF0916265DD467008DA975 /* TitledClosure.swift in Sources */,
				ED268F742635F1B5006AFDDD /* DatePickerCell.swift in Sources */,
				ED409F52265AA68800BD9797 /* CellType.swift in Sources */,
				EDAC85CC2600FD4200F6D871 /* SignInViewModel.swift in Sources */,
				EDFF0911265D8A64008DA975 /* ClosedRange+ToIndexPath.swift in Sources */,
				EDFF091F265E5D4B008DA975 /* SettingsCoordinator.swift in Sources */,
				EDFF091C265E5617008DA975 /* SettingsViewController.swift in Sources */,
				EDFF090D265D8267008DA975 /* CompletedTasksCoordinator.swift in Sources */,
				ED31CB4E263962B8001CDD23 /* TaskViewModel.swift in Sources */,
				EDAC85C92600F0C500F6D871 /* UIViewController+Alert.swift in Sources */,
				ED409F7E265D6FD200BD9797 /* TaskListViewModelProtocol.swift in Sources */,
				EDEAE27A263876D40010FDFE /* FirestoreTaskRepository.swift in Sources */,
				ED409F6E265B642500BD9797 /* SubtaskViewModel.swift in Sources */,
				ED3EF8F2260A241400C41119 /* CustomTextFieldCell.swift in Sources */,
				EDFD053225FA3E2100B8988F /* AuthErrorCode+LocalizedDescription.swift in Sources */,
				ED409F65265B4C2300BD9797 /* OutlinedView.swift in Sources */,
				ED820080260F5CA600B89F80 /* ViewControllerFactory.swift in Sources */,
				ED33E98D265EE188000E4641 /* StatsCoordinator.swift in Sources */,
				ED820088260F8F3400B89F80 /* CoordinatorFinishOutput.swift in Sources */,
				ED31CB512639646F001CDD23 /* TaskListViewModel.swift in Sources */,
				ED4FA65D25E82EF200C6E04D /* CustomFonts.swift in Sources */,
				EDFF0925265E83C9008DA975 /* Notification.Name+CustomNames.swift in Sources */,
				ED4FA66225E8317400C6E04D /* SignInViewController.swift in Sources */,
				EDFF0938265ED1E7008DA975 /* SummaryViewModel.swift in Sources */,
				EDEAE26F26377B050010FDFE /* DetailTextViewCell.swift in Sources */,
				EDEAE277263875560010FDFE /* TaskRepository.swift in Sources */,
				ED77B7CF25F4A19E000BFF44 /* AuthCoordinator.swift in Sources */,
				EDFF0919265DD4D9008DA975 /* SettingsViewModel.swift in Sources */,
				ED362AB12611D9A7008DB051 /* MainTabBarController.swift in Sources */,
				ED409F71265C25CD00BD9797 /* Collection+SafeAccess.swift in Sources */,
				ED820085260F8DCD00B89F80 /* RouterProtocol.swift in Sources */,
				ED268F702635D388006AFDDD /* EdgedTextField.swift in Sources */,
				ED5FEFBB25EE88A3004581EF /* FirebaseRegistrationService.swift in Sources */,
				ED3EF8FB260B28EC00C41119 /* LabelSectionHeaderView.swift in Sources */,
				ED2EBFB325EFDEC5005B7A1E /* FirebaseLoginService.swift in Sources */,
				ED31CB4B26394D58001CDD23 /* TaskListViewController.swift in Sources */,
				EDAC85DF26024F3400F6D871 /* CreateTaskViewController.swift in Sources */,
				ED820069260F54AD00B89F80 /* Presentable.swift in Sources */,
				ED4FA66525E8C92A00C6E04D /* StyledTextField.swift in Sources */,
				EDAC85D02600FF8D00F6D871 /* AuthorizationResponse.swift in Sources */,
				ED820064260F548800B89F80 /* Router.swift in Sources */,
				ED820090260F9C4200B89F80 /* UIViewController+Presentable.swift in Sources */,
				ED6AE3192607DEAD003D42A4 /* CustomButtonCell.swift in Sources */,
				EDEAE28426388EC30010FDFE /* TaskService.swift in Sources */,
				ED38745F25ECF14D007D9A38 /* SignUpViewController.swift in Sources */,
				ED4D18352613B9B800F28495 /* RegistrationService.swift in Sources */,
				ED4FA67925E8E49000C6E04D /* UIColor+Hex.swift in Sources */,
				ED820060260F53D600B89F80 /* BaseCoordinator.swift in Sources */,
				ED4FA68125E8EB1E00C6E04D /* CustomColors.swift in Sources */,
				EDFF0922265E7DD1008DA975 /* UIButton+SetColorForState.swift in Sources */,
				ED268F792636A652006AFDDD /* RightDetailSubtitledView.swift in Sources */,
				ED4FA67E25E8E6D900C6E04D /* StyledButton.swift in Sources */,
				ED4D182C2613812C00F28495 /* AddSubtaskViewController.swift in Sources */,
				ED820078260F58C000B89F80 /* LauchInstructor.swift in Sources */,
				ED4ADB4125E7EE1F00935A90 /* SceneDelegate.swift in Sources */,
				ED4D18322613B97200F28495 /* LoginService.swift in Sources */,
				EDFD053525FA404700B8988F /* SignUpViewModel.swift in Sources */,
				EDF5F32C25FA0AB3007CD5C1 /* AuthorizationError.swift in Sources */,
				ED82006D260F55AF00B89F80 /* CoordinatorFactory.swift in Sources */,
			);
			runOnlyForDeploymentPostprocessing = 0;
		};
/* End PBXSourcesBuildPhase section */

/* Begin PBXVariantGroup section */
		ED4ADB4925E7EE2100935A90 /* LaunchScreen.storyboard */ = {
			isa = PBXVariantGroup;
			children = (
				ED4ADB4A25E7EE2100935A90 /* Base */,
			);
			name = LaunchScreen.storyboard;
			sourceTree = "<group>";
		};
/* End PBXVariantGroup section */

/* Begin XCBuildConfiguration section */
		ED4ADB4D25E7EE2100935A90 /* Debug */ = {
			isa = XCBuildConfiguration;
			buildSettings = {
				ALWAYS_SEARCH_USER_PATHS = NO;
				CLANG_ANALYZER_NONNULL = YES;
				CLANG_ANALYZER_NUMBER_OBJECT_CONVERSION = YES_AGGRESSIVE;
				CLANG_CXX_LANGUAGE_STANDARD = "gnu++14";
				CLANG_CXX_LIBRARY = "libc++";
				CLANG_ENABLE_MODULES = YES;
				CLANG_ENABLE_OBJC_ARC = YES;
				CLANG_ENABLE_OBJC_WEAK = YES;
				CLANG_WARN_BLOCK_CAPTURE_AUTORELEASING = YES;
				CLANG_WARN_BOOL_CONVERSION = YES;
				CLANG_WARN_COMMA = YES;
				CLANG_WARN_CONSTANT_CONVERSION = YES;
				CLANG_WARN_DEPRECATED_OBJC_IMPLEMENTATIONS = YES;
				CLANG_WARN_DIRECT_OBJC_ISA_USAGE = YES_ERROR;
				CLANG_WARN_DOCUMENTATION_COMMENTS = YES;
				CLANG_WARN_EMPTY_BODY = YES;
				CLANG_WARN_ENUM_CONVERSION = YES;
				CLANG_WARN_INFINITE_RECURSION = YES;
				CLANG_WARN_INT_CONVERSION = YES;
				CLANG_WARN_NON_LITERAL_NULL_CONVERSION = YES;
				CLANG_WARN_OBJC_IMPLICIT_RETAIN_SELF = YES;
				CLANG_WARN_OBJC_LITERAL_CONVERSION = YES;
				CLANG_WARN_OBJC_ROOT_CLASS = YES_ERROR;
				CLANG_WARN_QUOTED_INCLUDE_IN_FRAMEWORK_HEADER = YES;
				CLANG_WARN_RANGE_LOOP_ANALYSIS = YES;
				CLANG_WARN_STRICT_PROTOTYPES = YES;
				CLANG_WARN_SUSPICIOUS_MOVE = YES;
				CLANG_WARN_UNGUARDED_AVAILABILITY = YES_AGGRESSIVE;
				CLANG_WARN_UNREACHABLE_CODE = YES;
				CLANG_WARN__DUPLICATE_METHOD_MATCH = YES;
				COPY_PHASE_STRIP = NO;
				DEBUG_INFORMATION_FORMAT = dwarf;
				ENABLE_STRICT_OBJC_MSGSEND = YES;
				ENABLE_TESTABILITY = YES;
				GCC_C_LANGUAGE_STANDARD = gnu11;
				GCC_DYNAMIC_NO_PIC = NO;
				GCC_NO_COMMON_BLOCKS = YES;
				GCC_OPTIMIZATION_LEVEL = 0;
				GCC_PREPROCESSOR_DEFINITIONS = (
					"DEBUG=1",
					"$(inherited)",
				);
				GCC_WARN_64_TO_32_BIT_CONVERSION = YES;
				GCC_WARN_ABOUT_RETURN_TYPE = YES_ERROR;
				GCC_WARN_UNDECLARED_SELECTOR = YES;
				GCC_WARN_UNINITIALIZED_AUTOS = YES_AGGRESSIVE;
				GCC_WARN_UNUSED_FUNCTION = YES;
				GCC_WARN_UNUSED_VARIABLE = YES;
				IPHONEOS_DEPLOYMENT_TARGET = 14.2;
				MTL_ENABLE_DEBUG_INFO = INCLUDE_SOURCE;
				MTL_FAST_MATH = YES;
				ONLY_ACTIVE_ARCH = YES;
				SDKROOT = iphoneos;
				SWIFT_ACTIVE_COMPILATION_CONDITIONS = DEBUG;
				SWIFT_OPTIMIZATION_LEVEL = "-Onone";
			};
			name = Debug;
		};
		ED4ADB4E25E7EE2100935A90 /* Release */ = {
			isa = XCBuildConfiguration;
			buildSettings = {
				ALWAYS_SEARCH_USER_PATHS = NO;
				CLANG_ANALYZER_NONNULL = YES;
				CLANG_ANALYZER_NUMBER_OBJECT_CONVERSION = YES_AGGRESSIVE;
				CLANG_CXX_LANGUAGE_STANDARD = "gnu++14";
				CLANG_CXX_LIBRARY = "libc++";
				CLANG_ENABLE_MODULES = YES;
				CLANG_ENABLE_OBJC_ARC = YES;
				CLANG_ENABLE_OBJC_WEAK = YES;
				CLANG_WARN_BLOCK_CAPTURE_AUTORELEASING = YES;
				CLANG_WARN_BOOL_CONVERSION = YES;
				CLANG_WARN_COMMA = YES;
				CLANG_WARN_CONSTANT_CONVERSION = YES;
				CLANG_WARN_DEPRECATED_OBJC_IMPLEMENTATIONS = YES;
				CLANG_WARN_DIRECT_OBJC_ISA_USAGE = YES_ERROR;
				CLANG_WARN_DOCUMENTATION_COMMENTS = YES;
				CLANG_WARN_EMPTY_BODY = YES;
				CLANG_WARN_ENUM_CONVERSION = YES;
				CLANG_WARN_INFINITE_RECURSION = YES;
				CLANG_WARN_INT_CONVERSION = YES;
				CLANG_WARN_NON_LITERAL_NULL_CONVERSION = YES;
				CLANG_WARN_OBJC_IMPLICIT_RETAIN_SELF = YES;
				CLANG_WARN_OBJC_LITERAL_CONVERSION = YES;
				CLANG_WARN_OBJC_ROOT_CLASS = YES_ERROR;
				CLANG_WARN_QUOTED_INCLUDE_IN_FRAMEWORK_HEADER = YES;
				CLANG_WARN_RANGE_LOOP_ANALYSIS = YES;
				CLANG_WARN_STRICT_PROTOTYPES = YES;
				CLANG_WARN_SUSPICIOUS_MOVE = YES;
				CLANG_WARN_UNGUARDED_AVAILABILITY = YES_AGGRESSIVE;
				CLANG_WARN_UNREACHABLE_CODE = YES;
				CLANG_WARN__DUPLICATE_METHOD_MATCH = YES;
				COPY_PHASE_STRIP = NO;
				DEBUG_INFORMATION_FORMAT = "dwarf-with-dsym";
				ENABLE_NS_ASSERTIONS = NO;
				ENABLE_STRICT_OBJC_MSGSEND = YES;
				GCC_C_LANGUAGE_STANDARD = gnu11;
				GCC_NO_COMMON_BLOCKS = YES;
				GCC_WARN_64_TO_32_BIT_CONVERSION = YES;
				GCC_WARN_ABOUT_RETURN_TYPE = YES_ERROR;
				GCC_WARN_UNDECLARED_SELECTOR = YES;
				GCC_WARN_UNINITIALIZED_AUTOS = YES_AGGRESSIVE;
				GCC_WARN_UNUSED_FUNCTION = YES;
				GCC_WARN_UNUSED_VARIABLE = YES;
				IPHONEOS_DEPLOYMENT_TARGET = 14.2;
				MTL_ENABLE_DEBUG_INFO = NO;
				MTL_FAST_MATH = YES;
				SDKROOT = iphoneos;
				SWIFT_COMPILATION_MODE = wholemodule;
				SWIFT_OPTIMIZATION_LEVEL = "-O";
				VALIDATE_PRODUCT = YES;
			};
			name = Release;
		};
		ED4ADB5025E7EE2100935A90 /* Debug */ = {
			isa = XCBuildConfiguration;
			baseConfigurationReference = AA4AC0699D9E47C29C1B1747 /* Pods-WorkAndAnalyse.debug.xcconfig */;
			buildSettings = {
				ASSETCATALOG_COMPILER_APPICON_NAME = AppIcon;
				ASSETCATALOG_COMPILER_GLOBAL_ACCENT_COLOR_NAME = AccentColor;
				CODE_SIGN_STYLE = Automatic;
				DEVELOPMENT_TEAM = Z86A8NA48H;
				INFOPLIST_FILE = WorkAndAnalyse/Info.plist;
				IPHONEOS_DEPLOYMENT_TARGET = 14.4;
				LD_RUNPATH_SEARCH_PATHS = (
					"$(inherited)",
					"@executable_path/Frameworks",
				);
				PRODUCT_BUNDLE_IDENTIFIER = "Ruslan-Khanov.WorkAndAnalyse";
				PRODUCT_NAME = "$(TARGET_NAME)";
				SWIFT_VERSION = 5.0;
				TARGETED_DEVICE_FAMILY = "1,2";
			};
			name = Debug;
		};
		ED4ADB5125E7EE2100935A90 /* Release */ = {
			isa = XCBuildConfiguration;
			baseConfigurationReference = 8BCB4673C8A17830129CDCF0 /* Pods-WorkAndAnalyse.release.xcconfig */;
			buildSettings = {
				ASSETCATALOG_COMPILER_APPICON_NAME = AppIcon;
				ASSETCATALOG_COMPILER_GLOBAL_ACCENT_COLOR_NAME = AccentColor;
				CODE_SIGN_STYLE = Automatic;
				DEVELOPMENT_TEAM = Z86A8NA48H;
				INFOPLIST_FILE = WorkAndAnalyse/Info.plist;
				IPHONEOS_DEPLOYMENT_TARGET = 14.4;
				LD_RUNPATH_SEARCH_PATHS = (
					"$(inherited)",
					"@executable_path/Frameworks",
				);
				PRODUCT_BUNDLE_IDENTIFIER = "Ruslan-Khanov.WorkAndAnalyse";
				PRODUCT_NAME = "$(TARGET_NAME)";
				SWIFT_VERSION = 5.0;
				TARGETED_DEVICE_FAMILY = "1,2";
			};
			name = Release;
		};
/* End XCBuildConfiguration section */

/* Begin XCConfigurationList section */
		ED4ADB3625E7EE1E00935A90 /* Build configuration list for PBXProject "WorkAndAnalyse" */ = {
			isa = XCConfigurationList;
			buildConfigurations = (
				ED4ADB4D25E7EE2100935A90 /* Debug */,
				ED4ADB4E25E7EE2100935A90 /* Release */,
			);
			defaultConfigurationIsVisible = 0;
			defaultConfigurationName = Release;
		};
		ED4ADB4F25E7EE2100935A90 /* Build configuration list for PBXNativeTarget "WorkAndAnalyse" */ = {
			isa = XCConfigurationList;
			buildConfigurations = (
				ED4ADB5025E7EE2100935A90 /* Debug */,
				ED4ADB5125E7EE2100935A90 /* Release */,
			);
			defaultConfigurationIsVisible = 0;
			defaultConfigurationName = Release;
		};
/* End XCConfigurationList section */
	};
	rootObject = ED4ADB3325E7EE1E00935A90 /* Project object */;
}
